
Microsoft Visual Studio Solution File, Format Version 12.00
# Visual Studio 15
Project("{FAE04EC0-301F-11D3-BF4B-00C04F79EFBC}") = "Assembly-CSharp", "Assembly-CSharp.csproj", "{FCF717EC-5414-6814-6189-CFB2B7B5B832}"
EndProject
Project("{FAE04EC0-301F-11D3-BF4B-00C04F79EFBC}") = "Assembly-CSharp-Editor", "Assembly-CSharp-Editor.csproj", "{E4069EBB-2D40-7E84-7404-445DB529167F}"
EndProject
Global
	GlobalSection(SolutionConfigurationPlatforms) = preSolution
		Debug|Any CPU = Debug|Any CPU
		Release|Any CPU = Release|Any CPU
	EndGlobalSection
	GlobalSection(ProjectConfigurationPlatforms) = postSolution
		{FCF717EC-5414-6814-6189-CFB2B7B5B832}.Debug|Any CPU.ActiveCfg = Debug|Any CPU
		{FCF717EC-5414-6814-6189-CFB2B7B5B832}.Debug|Any CPU.Build.0 = Debug|Any CPU
		{FCF717EC-5414-6814-6189-CFB2B7B5B832}.Release|Any CPU.ActiveCfg = Release|Any CPU
		{FCF717EC-5414-6814-6189-CFB2B7B5B832}.Release|Any CPU.Build.0 = Release|Any CPU
		{E4069EBB-2D40-7E84-7404-445DB529167F}.Debug|Any CPU.ActiveCfg = Debug|Any CPU
		{E4069EBB-2D40-7E84-7404-445DB529167F}.Debug|Any CPU.Build.0 = Debug|Any CPU
		{E4069EBB-2D40-7E84-7404-445DB529167F}.Release|Any CPU.ActiveCfg = Release|Any CPU
		{E4069EBB-2D40-7E84-7404-445DB529167F}.Release|Any CPU.Build.0 = Release|Any CPU
	EndGlobalSection
	GlobalSection(SolutionProperties) = preSolution
		HideSolutionNode = FALSE
	EndGlobalSection
EndGlobal
